
Microsoft Visual Studio Solution File, Format Version 12.00
# Visual Studio Version 17
VisualStudioVersion = 17.7.34024.191
MinimumVisualStudioVersion = 10.0.40219.1
Project("{FAE04EC0-301F-11D3-BF4B-00C04F79EFBC}") = "Airline21", "Airline21\Airline21.csproj", "{038E747F-216A-43F6-83A5-6D3AC483F3B1}"
EndProject
Global
	GlobalSection(SolutionConfigurationPlatforms) = preSolution
		Debug|Any CPU = Debug|Any CPU
		Release|Any CPU = Release|Any CPU
	EndGlobalSection
	GlobalSection(ProjectConfigurationPlatforms) = postSolution
		{038E747F-216A-43F6-83A5-6D3AC483F3B1}.Debug|Any CPU.ActiveCfg = Debug|Any CPU
		{038E747F-216A-43F6-83A5-6D3AC483F3B1}.Debug|Any CPU.Build.0 = Debug|Any CPU
		{038E747F-216A-43F6-83A5-6D3AC483F3B1}.Release|Any CPU.ActiveCfg = Release|Any CPU
		{038E747F-216A-43F6-83A5-6D3AC483F3B1}.Release|Any CPU.Build.0 = Release|Any CPU
	EndGlobalSection
	GlobalSection(SolutionProperties) = preSolution
		HideSolutionNode = FALSE
	EndGlobalSection
	GlobalSection(ExtensibilityGlobals) = postSolution
		SolutionGuid = {3A42A303-9A3F-4220-B79A-8C192074DD8A}
	EndGlobalSection
EndGlobal
